Microsoft Visual Studio Solution File, Format Version 12.00
# Visual Studio Version 17
VisualStudioVersion = 17.5.2.0
MinimumVisualStudioVersion = 10.0.40219.1
Project("{FAE04EC0-301F-11D3-BF4B-00C04F79EFBC}") = "lapo-vms-api", "lapo-vms-api\lapo-vms-api.csproj", "{4128021E-41EC-C329-6F1C-8298373BBF91}"
EndProject
Global
	GlobalSection(SolutionConfigurationPlatforms) = preSolution
		Debug|Any CPU = Debug|Any CPU
		Release|Any CPU = Release|Any CPU
	EndGlobalSection
	GlobalSection(ProjectConfigurationPlatforms) = postSolution
		{4128021E-41EC-C329-6F1C-8298373BBF91}.Debug|Any CPU.ActiveCfg = Debug|Any CPU
		{4128021E-41EC-C329-6F1C-8298373BBF91}.Debug|Any CPU.Build.0 = Debug|Any CPU
		{4128021E-41EC-C329-6F1C-8298373BBF91}.Release|Any CPU.ActiveCfg = Release|Any CPU
		{4128021E-41EC-C329-6F1C-8298373BBF91}.Release|Any CPU.Build.0 = Release|Any CPU
	EndGlobalSection
	GlobalSection(SolutionProperties) = preSolution
		HideSolutionNode = FALSE
	EndGlobalSection
	GlobalSection(ExtensibilityGlobals) = postSolution
		SolutionGuid = {6A70B631-342F-45BA-84C7-3DC76DDB8B05}
	EndGlobalSection
EndGlobal
